// !$*UTF8*$!
{
	archiveVersion = 1;
	classes = {
	};
	objectVersion = 46;
	objects = {

/* Begin PBXBuildFile section */
		7128FD411A2927B100A03C02 /* main.c in Sources */ = {isa = PBXBuildFile; fileRef = 7128FD401A2927B100A03C02 /* main.c */; };
		7128FD491A292A8D00A03C02 /* func.c in Sources */ = {isa = PBXBuildFile; fileRef = 7128FD471A292A8D00A03C02 /* func.c */; };
/* End PBXBuildFile section */

/* Begin PBXCopyFilesBuildPhase section */
		7128FD3B1A2927B100A03C02 /* CopyFiles */ = {
			isa = PBXCopyFilesBuildPhase;
			buildActionMask = 2147483647;
			dstPath = /usr/share/man/man1/;
			dstSubfolderSpec = 0;
			files = (
			);
			runOnlyForDeploymentPostprocessing = 1;
		};
/* End PBXCopyFilesBuildPhase section */

/* Begin PBXFileReference section */
		7128FD3D1A2927B100A03C02 /* list_two */ = {isa = PBXFileReference; explicitFileType = "compiled.mach-o.executable"; includeInIndex = 0; path = list_two; sourceTree = BUILT_PRODUCTS_DIR; };
		7128FD401A2927B100A03C02 /* main.c */ = {isa = PBXFileReference; lastKnownFileType = sourcecode.c.c; path = main.c; sourceTree = "<group>"; };
		7128FD471A292A8D00A03C02 /* func.c */ = {isa = PBXFileReference; fileEncoding = 4; lastKnownFileType = sourcecode.c.c; path = func.c; sourceTree = "<group>"; };
		7128FD481A292A8D00A03C02 /* func.h */ = {isa = PBXFileReference; fileEncoding = 4; lastKnownFileType = sourcecode.c.h; path = func.h; sourceTree = "<group>"; };
/* End PBXFileReference section */

/* Begin PBXFrameworksBuildPhase section */
		7128FD3A1A2927B100A03C02 /* Frameworks */ = {
			isa = PBXFrameworksBuildPhase;
			buildActionMask = 2147483647;
			files = (
			);
			runOnlyForDeploymentPostprocessing = 0;
		};
/* End PBXFrameworksBuildPhase section */

/* Begin PBXGroup section */
		7128FD341A2927B100A03C02 = {
			isa = PBXGroup;
			children = (
				7128FD3F1A2927B100A03C02 /* list_two */,
				7128FD3E1A2927B100A03C02 /* Products */,
			);
			sourceTree = "<group>";
		};
		7128FD3E1A2927B100A03C02 /* Products */ = {
			isa = PBXGroup;
			children = (
				7128FD3D1A2927B100A03C02 /* list_two */,
			);
			name = Products;
			sourceTree = "<group>";
		};
		7128FD3F1A2927B100A03C02 /* list_two */ = {
			isa = PBXGroup;
			children = (
				7128FD401A2927B100A03C02 /* main.c */,
				7128FD471A292A8D00A03C02 /* func.c */,
				7128FD481A292A8D00A03C02 /* func.h */,
			);
			path = list_two;
			sourceTree = "<group>";
		};
/* End PBXGroup section */

/* Begin PBXNativeTarget section */
		7128FD3C1A2927B100A03C02 /* list_two */ = {
			isa = PBXNativeTarget;
			buildConfigurationList = 7128FD441A2927B100A03C02 /* Build configuration list for PBXNativeTarget "list_two" */;
			buildPhases = (
				7128FD391A2927B100A03C02 /* Sources */,
				7128FD3A1A2927B100A03C02 /* Frameworks */,
				7128FD3B1A2927B100A03C02 /* CopyFiles */,
			);
			buildRules = (
			);
			dependencies = (
			);
			name = list_two;
			productName = list_two;
			productReference = 7128FD3D1A2927B100A03C02 /* list_two */;
			productType = "com.apple.product-type.tool";
		};
/* End PBXNativeTarget section */

/* Begin PBXProject section */
		7128FD351A2927B100A03C02 /* Project object */ = {
			isa = PBXProject;
			attributes = {
				LastUpgradeCheck = 0610;
				ORGANIZATIONNAME = "Ilya Onishenko";
				TargetAttributes = {
					7128FD3C1A2927B100A03C02 = {
						CreatedOnToolsVersion = 6.1;
					};
				};
			};
			buildConfigurationList = 7128FD381A2927B100A03C02 /* Build configuration list for PBXProject "list_two" */;
			compatibilityVersion = "Xcode 3.2";
			developmentRegion = English;
			hasScannedForEncodings = 0;
			knownRegions = (
				en,
			);
			mainGroup = 7128FD341A2927B100A03C02;
			productRefGroup = 7128FD3E1A2927B100A03C02 /* Products */;
			projectDirPath = "";
			projectRoot = "";
			targets = (
				7128FD3C1A2927B100A03C02 /* list_two */,
			);
		};
/* End PBXProject section */

/* Begin PBXSourcesBuildPhase section */
		7128FD391A2927B100A03C02 /* Sources */ = {
			isa = PBXSourcesBuildPhase;
			buildActionMask = 2147483647;
			files = (
				7128FD411A2927B100A03C02 /* main.c in Sources */,
				7128FD491A292A8D00A03C02 /* func.c in Sources */,
			);
			runOnlyForDeploymentPostprocessing = 0;
		};
/* End PBXSourcesBuildPhase section */

/* Begin XCBuildConfiguration section */
		7128FD421A2927B100A03C02 /* Debug */ = {
			isa = XCBuildConfiguration;
			buildSettings = {
				ALWAYS_SEARCH_USER_PATHS = NO;
				CLANG_CXX_LANGUAGE_STANDARD = "gnu++0x";
				CLANG_CXX_LIBRARY = "libc++";
				CLANG_ENABLE_MODULES = YES;
				CLANG_ENABLE_OBJC_ARC = YES;
				CLANG_WARN_BOOL_CONVERSION = YES;
				CLANG_WARN_CONSTANT_CONVERSION = YES;
				CLANG_WARN_DIRECT_OBJC_ISA_USAGE = YES_ERROR;
				CLANG_WARN_EMPTY_BODY = YES;
				CLANG_WARN_ENUM_CONVERSION = YES;
				CLANG_WARN_INT_CONVERSION = YES;
				CLANG_WARN_OBJC_ROOT_CLASS = YES_ERROR;
				CLANG_WARN_UNREACHABLE_CODE = YES;
				CLANG_WARN__DUPLICATE_METHOD_MATCH = YES;
				COPY_PHASE_STRIP = NO;
				ENABLE_STRICT_OBJC_MSGSEND = YES;
				GCC_C_LANGUAGE_STANDARD = gnu99;
				GCC_DYNAMIC_NO_PIC = NO;
				GCC_OPTIMIZATION_LEVEL = 0;
				GCC_PREPROCESSOR_DEFINITIONS = (
					"DEBUG=1",
					"$(inherited)",
				);
				GCC_SYMBOLS_PRIVATE_EXTERN = NO;
				GCC_WARN_64_TO_32_BIT_CONVERSION = YES;
				GCC_WARN_ABOUT_RETURN_TYPE = YES_ERROR;
				GCC_WARN_UNDECLARED_SELECTOR = YES;
				GCC_WARN_UNINITIALIZED_AUTOS = YES_AGGRESSIVE;
				GCC_WARN_UNUSED_FUNCTION = YES;
				GCC_WARN_UNUSED_VARIABLE = YES;
				MACOSX_DEPLOYMENT_TARGET = 10.10;
				MTL_ENABLE_DEBUG_INFO = YES;
				ONLY_ACTIVE_ARCH = YES;
				SDKROOT = macosx;
			};
			name = Debug;
		};
		7128FD431A2927B100A03C02 /* Release */ = {
			isa = XCBuildConfiguration;
			buildSettings = {
				ALWAYS_SEARCH_USER_PATHS = NO;
				CLANG_CXX_LANGUAGE_STANDARD = "gnu++0x";
				CLANG_CXX_LIBRARY = "libc++";
				CLANG_ENABLE_MODULES = YES;
				CLANG_ENABLE_OBJC_ARC = YES;
				CLANG_WARN_BOOL_CONVERSION = YES;
				CLANG_WARN_CONSTANT_CONVERSION = YES;
				CLANG_WARN_DIRECT_OBJC_ISA_USAGE = YES_ERROR;
				CLANG_WARN_EMPTY_BODY = YES;
				CLANG_WARN_ENUM_CONVERSION = YES;
				CLANG_WARN_INT_CONVERSION = YES;
				CLANG_WARN_OBJC_ROOT_CLASS = YES_ERROR;
				CLANG_WARN_UNREACHABLE_CODE = YES;
				CLANG_WARN__DUPLICATE_METHOD_MATCH = YES;
				COPY_PHASE_STRIP = YES;
				DEBUG_INFORMATION_FORMAT = "dwarf-with-dsym";
				ENABLE_NS_ASSERTIONS = NO;
				ENABLE_STRICT_OBJC_MSGSEND = YES;
				GCC_C_LANGUAGE_STANDARD = gnu99;
				GCC_WARN_64_TO_32_BIT_CONVERSION = YES;
				GCC_WARN_ABOUT_RETURN_TYPE = YES_ERROR;
				GCC_WARN_UNDECLARED_SELECTOR = YES;
				GCC_WARN_UNINITIALIZED_AUTOS = YES_AGGRESSIVE;
				GCC_WARN_UNUSED_FUNCTION = YES;
				GCC_WARN_UNUSED_VARIABLE = YES;
				MACOSX_DEPLOYMENT_TARGET = 10.10;
				MTL_ENABLE_DEBUG_INFO = NO;
				SDKROOT = macosx;
			};
			name = Release;
		};
		7128FD451A2927B100A03C02 /* Debug */ = {
			isa = XCBuildConfiguration;
			buildSettings = {
				PRODUCT_NAME = "$(TARGET_NAME)";
			};
			name = Debug;
		};
		7128FD461A2927B100A03C02 /* Release */ = {
			isa = XCBuildConfiguration;
			buildSettings = {
				PRODUCT_NAME = "$(TARGET_NAME)";
			};
			name = Release;
		};
/* End XCBuildConfiguration section */

/* Begin XCConfigurationList section */
		7128FD381A2927B100A03C02 /* Build configuration list for PBXProject "list_two" */ = {
			isa = XCConfigurationList;
			buildConfigurations = (
				7128FD421A2927B100A03C02 /* Debug */,
				7128FD431A2927B100A03C02 /* Release */,
			);
			defaultConfigurationIsVisible = 0;
			defaultConfigurationName = Release;
		};
		7128FD441A2927B100A03C02 /* Build configuration list for PBXNativeTarget "list_two" */ = {
			isa = XCConfigurationList;
			buildConfigurations = (
				7128FD451A2927B100A03C02 /* Debug */,
				7128FD461A2927B100A03C02 /* Release */,
			);
			defaultConfigurationIsVisible = 0;
		};
/* End XCConfigurationList section */
	};
	rootObject = 7128FD351A2927B100A03C02 /* Project object */;
}
